// !$*UTF8*$!
{
	archiveVersion = 1;
	classes = {
	};
	objectVersion = 52;
	objects = {

/* Begin PBXBuildFile section */
		37E2CBFD25E4AC5100A5F446 /* PokedexApp.swift in Sources */ = {isa = PBXBuildFile; fileRef = 37E2CBFC25E4AC5100A5F446 /* PokedexApp.swift */; };
		37E2CBFF25E4AC5100A5F446 /* ContentView.swift in Sources */ = {isa = PBXBuildFile; fileRef = 37E2CBFE25E4AC5100A5F446 /* ContentView.swift */; };
		37E2CC0125E4AC5200A5F446 /* Assets.xcassets in Resources */ = {isa = PBXBuildFile; fileRef = 37E2CC0025E4AC5200A5F446 /* Assets.xcassets */; };
		37E2CC0425E4AC5200A5F446 /* Preview Assets.xcassets in Resources */ = {isa = PBXBuildFile; fileRef = 37E2CC0325E4AC5200A5F446 /* Preview Assets.xcassets */; };
		37E2CC1025E4AD9700A5F446 /* PokemonCell.swift in Sources */ = {isa = PBXBuildFile; fileRef = 37E2CC0F25E4AD9700A5F446 /* PokemonCell.swift */; };
		37E2CC1325E4B21000A5F446 /* PokedexView.swift in Sources */ = {isa = PBXBuildFile; fileRef = 37E2CC1225E4B21000A5F446 /* PokedexView.swift */; };
		37E2CC1625E4B4A500A5F446 /* Pokemon.swift in Sources */ = {isa = PBXBuildFile; fileRef = 37E2CC1525E4B4A500A5F446 /* Pokemon.swift */; };
		37E2CC1925E4B7FF00A5F446 /* PokemonVIewModel.swift in Sources */ = {isa = PBXBuildFile; fileRef = 37E2CC1825E4B7FF00A5F446 /* PokemonVIewModel.swift */; };
		37E2CC1D25E4BD3500A5F446 /* Kingfisher in Frameworks */ = {isa = PBXBuildFile; productRef = 37E2CC1C25E4BD3500A5F446 /* Kingfisher */; };
/* End PBXBuildFile section */

/* Begin PBXFileReference section */
		37E2CBF925E4AC5100A5F446 /* Pokedex.app */ = {isa = PBXFileReference; explicitFileType = wrapper.application; includeInIndex = 0; path = Pokedex.app; sourceTree = BUILT_PRODUCTS_DIR; };
		37E2CBFC25E4AC5100A5F446 /* PokedexApp.swift */ = {isa = PBXFileReference; lastKnownFileType = sourcecode.swift; path = PokedexApp.swift; sourceTree = "<group>"; };
		37E2CBFE25E4AC5100A5F446 /* ContentView.swift */ = {isa = PBXFileReference; lastKnownFileType = sourcecode.swift; path = ContentView.swift; sourceTree = "<group>"; };
		37E2CC0025E4AC5200A5F446 /* Assets.xcassets */ = {isa = PBXFileReference; lastKnownFileType = folder.assetcatalog; path = Assets.xcassets; sourceTree = "<group>"; };
		37E2CC0325E4AC5200A5F446 /* Preview Assets.xcassets */ = {isa = PBXFileReference; lastKnownFileType = folder.assetcatalog; path = "Preview Assets.xcassets"; sourceTree = "<group>"; };
		37E2CC0525E4AC5200A5F446 /* Info.plist */ = {isa = PBXFileReference; lastKnownFileType = text.plist.xml; path = Info.plist; sourceTree = "<group>"; };
		37E2CC0F25E4AD9700A5F446 /* PokemonCell.swift */ = {isa = PBXFileReference; lastKnownFileType = sourcecode.swift; path = PokemonCell.swift; sourceTree = "<group>"; };
		37E2CC1225E4B21000A5F446 /* PokedexView.swift */ = {isa = PBXFileReference; lastKnownFileType = sourcecode.swift; path = PokedexView.swift; sourceTree = "<group>"; };
		37E2CC1525E4B4A500A5F446 /* Pokemon.swift */ = {isa = PBXFileReference; lastKnownFileType = sourcecode.swift; path = Pokemon.swift; sourceTree = "<group>"; };
		37E2CC1825E4B7FF00A5F446 /* PokemonVIewModel.swift */ = {isa = PBXFileReference; lastKnownFileType = sourcecode.swift; path = PokemonVIewModel.swift; sourceTree = "<group>"; };
		37E2CC1F25E4C70A00A5F446 /* README.md */ = {isa = PBXFileReference; lastKnownFileType = net.daringfireball.markdown; path = README.md; sourceTree = SOURCE_ROOT; };
/* End PBXFileReference section */

/* Begin PBXFrameworksBuildPhase section */
		37E2CBF625E4AC5100A5F446 /* Frameworks */ = {
			isa = PBXFrameworksBuildPhase;
			buildActionMask = 2147483647;
			files = (
				37E2CC1D25E4BD3500A5F446 /* Kingfisher in Frameworks */,
			);
			runOnlyForDeploymentPostprocessing = 0;
		};
/* End PBXFrameworksBuildPhase section */

/* Begin PBXGroup section */
		37E2CBF025E4AC5100A5F446 = {
			isa = PBXGroup;
			children = (
				37E2CC1F25E4C70A00A5F446 /* README.md */,
				37E2CBFB25E4AC5100A5F446 /* Pokedex */,
				37E2CBFA25E4AC5100A5F446 /* Products */,
			);
			sourceTree = "<group>";
		};
		37E2CBFA25E4AC5100A5F446 /* Products */ = {
			isa = PBXGroup;
			children = (
				37E2CBF925E4AC5100A5F446 /* Pokedex.app */,
			);
			name = Products;
			sourceTree = "<group>";
		};
		37E2CBFB25E4AC5100A5F446 /* Pokedex */ = {
			isa = PBXGroup;
			children = (
				37E2CC0E25E4AD3000A5F446 /* Model */,
				37E2CC0D25E4AD2C00A5F446 /* View */,
				37E2CC0C25E4AD1C00A5F446 /* ViewModel */,
				37E2CBFC25E4AC5100A5F446 /* PokedexApp.swift */,
				37E2CBFE25E4AC5100A5F446 /* ContentView.swift */,
				37E2CC0025E4AC5200A5F446 /* Assets.xcassets */,
				37E2CC0525E4AC5200A5F446 /* Info.plist */,
				37E2CC0225E4AC5200A5F446 /* Preview Content */,
			);
			path = Pokedex;
			sourceTree = "<group>";
		};
		37E2CC0225E4AC5200A5F446 /* Preview Content */ = {
			isa = PBXGroup;
			children = (
				37E2CC0325E4AC5200A5F446 /* Preview Assets.xcassets */,
			);
			path = "Preview Content";
			sourceTree = "<group>";
		};
		37E2CC0C25E4AD1C00A5F446 /* ViewModel */ = {
			isa = PBXGroup;
			children = (
				37E2CC1825E4B7FF00A5F446 /* PokemonVIewModel.swift */,
			);
			path = ViewModel;
			sourceTree = "<group>";
		};
		37E2CC0D25E4AD2C00A5F446 /* View */ = {
			isa = PBXGroup;
			children = (
				37E2CC0F25E4AD9700A5F446 /* PokemonCell.swift */,
				37E2CC1225E4B21000A5F446 /* PokedexView.swift */,
			);
			path = View;
			sourceTree = "<group>";
		};
		37E2CC0E25E4AD3000A5F446 /* Model */ = {
			isa = PBXGroup;
			children = (
				37E2CC1525E4B4A500A5F446 /* Pokemon.swift */,
			);
			path = Model;
			sourceTree = "<group>";
		};
/* End PBXGroup section */

/* Begin PBXNativeTarget section */
		37E2CBF825E4AC5100A5F446 /* Pokedex */ = {
			isa = PBXNativeTarget;
			buildConfigurationList = 37E2CC0825E4AC5200A5F446 /* Build configuration list for PBXNativeTarget "Pokedex" */;
			buildPhases = (
				37E2CBF525E4AC5100A5F446 /* Sources */,
				37E2CBF625E4AC5100A5F446 /* Frameworks */,
				37E2CBF725E4AC5100A5F446 /* Resources */,
			);
			buildRules = (
			);
			dependencies = (
			);
			name = Pokedex;
			packageProductDependencies = (
				37E2CC1C25E4BD3500A5F446 /* Kingfisher */,
			);
			productName = Pokedex;
			productReference = 37E2CBF925E4AC5100A5F446 /* Pokedex.app */;
			productType = "com.apple.product-type.application";
		};
/* End PBXNativeTarget section */

/* Begin PBXProject section */
		37E2CBF125E4AC5100A5F446 /* Project object */ = {
			isa = PBXProject;
			attributes = {
				LastSwiftUpdateCheck = 1240;
				LastUpgradeCheck = 1240;
				TargetAttributes = {
					37E2CBF825E4AC5100A5F446 = {
						CreatedOnToolsVersion = 12.4;
					};
				};
			};
			buildConfigurationList = 37E2CBF425E4AC5100A5F446 /* Build configuration list for PBXProject "Pokedex" */;
			compatibilityVersion = "Xcode 9.3";
			developmentRegion = en;
			hasScannedForEncodings = 0;
			knownRegions = (
				en,
				Base,
			);
			mainGroup = 37E2CBF025E4AC5100A5F446;
			packageReferences = (
				37E2CC1B25E4BD3500A5F446 /* XCRemoteSwiftPackageReference "Kingfisher" */,
			);
			productRefGroup = 37E2CBFA25E4AC5100A5F446 /* Products */;
			projectDirPath = "";
			projectRoot = "";
			targets = (
				37E2CBF825E4AC5100A5F446 /* Pokedex */,
			);
		};
/* End PBXProject section */

/* Begin PBXResourcesBuildPhase section */
		37E2CBF725E4AC5100A5F446 /* Resources */ = {
			isa = PBXResourcesBuildPhase;
			buildActionMask = 2147483647;
			files = (
				37E2CC0425E4AC5200A5F446 /* Preview Assets.xcassets in Resources */,
				37E2CC0125E4AC5200A5F446 /* Assets.xcassets in Resources */,
			);
			runOnlyForDeploymentPostprocessing = 0;
		};
/* End PBXResourcesBuildPhase section */

/* Begin PBXSourcesBuildPhase section */
		37E2CBF525E4AC5100A5F446 /* Sources */ = {
			isa = PBXSourcesBuildPhase;
			buildActionMask = 2147483647;
			files = (
				37E2CC1925E4B7FF00A5F446 /* PokemonVIewModel.swift in Sources */,
				37E2CC1625E4B4A500A5F446 /* Pokemon.swift in Sources */,
				37E2CBFF25E4AC5100A5F446 /* ContentView.swift in Sources */,
				37E2CBFD25E4AC5100A5F446 /* PokedexApp.swift in Sources */,
				37E2CC1025E4AD9700A5F446 /* PokemonCell.swift in Sources */,
				37E2CC1325E4B21000A5F446 /* PokedexView.swift in Sources */,
			);
			runOnlyForDeploymentPostprocessing = 0;
		};
/* End PBXSourcesBuildPhase section */

/* Begin XCBuildConfiguration section */
		37E2CC0625E4AC5200A5F446 /* Debug */ = {
			isa = XCBuildConfiguration;
			buildSettings = {
				ALWAYS_SEARCH_USER_PATHS = NO;
				CLANG_ANALYZER_NONNULL = YES;
				CLANG_ANALYZER_NUMBER_OBJECT_CONVERSION = YES_AGGRESSIVE;
				CLANG_CXX_LANGUAGE_STANDARD = "gnu++14";
				CLANG_CXX_LIBRARY = "libc++";
				CLANG_ENABLE_MODULES = YES;
				CLANG_ENABLE_OBJC_ARC = YES;
				CLANG_ENABLE_OBJC_WEAK = YES;
				CLANG_WARN_BLOCK_CAPTURE_AUTORELEASING = YES;
				CLANG_WARN_BOOL_CONVERSION = YES;
				CLANG_WARN_COMMA = YES;
				CLANG_WARN_CONSTANT_CONVERSION = YES;
				CLANG_WARN_DEPRECATED_OBJC_IMPLEMENTATIONS = YES;
				CLANG_WARN_DIRECT_OBJC_ISA_USAGE = YES_ERROR;
				CLANG_WARN_DOCUMENTATION_COMMENTS = YES;
				CLANG_WARN_EMPTY_BODY = YES;
				CLANG_WARN_ENUM_CONVERSION = YES;
				CLANG_WARN_INFINITE_RECURSION = YES;
				CLANG_WARN_INT_CONVERSION = YES;
				CLANG_WARN_NON_LITERAL_NULL_CONVERSION = YES;
				CLANG_WARN_OBJC_IMPLICIT_RETAIN_SELF = YES;
				CLANG_WARN_OBJC_LITERAL_CONVERSION = YES;
				CLANG_WARN_OBJC_ROOT_CLASS = YES_ERROR;
				CLANG_WARN_QUOTED_INCLUDE_IN_FRAMEWORK_HEADER = YES;
				CLANG_WARN_RANGE_LOOP_ANALYSIS = YES;
				CLANG_WARN_STRICT_PROTOTYPES = YES;
				CLANG_WARN_SUSPICIOUS_MOVE = YES;
				CLANG_WARN_UNGUARDED_AVAILABILITY = YES_AGGRESSIVE;
				CLANG_WARN_UNREACHABLE_CODE = YES;
				CLANG_WARN__DUPLICATE_METHOD_MATCH = YES;
				COPY_PHASE_STRIP = NO;
				DEBUG_INFORMATION_FORMAT = dwarf;
				ENABLE_STRICT_OBJC_MSGSEND = YES;
				ENABLE_TESTABILITY = YES;
				GCC_C_LANGUAGE_STANDARD = gnu11;
				GCC_DYNAMIC_NO_PIC = NO;
				GCC_NO_COMMON_BLOCKS = YES;
				GCC_OPTIMIZATION_LEVEL = 0;
				GCC_PREPROCESSOR_DEFINITIONS = (
					"DEBUG=1",
					"$(inherited)",
				);
				GCC_WARN_64_TO_32_BIT_CONVERSION = YES;
				GCC_WARN_ABOUT_RETURN_TYPE = YES_ERROR;
				GCC_WARN_UNDECLARED_SELECTOR = YES;
				GCC_WARN_UNINITIALIZED_AUTOS = YES_AGGRESSIVE;
				GCC_WARN_UNUSED_FUNCTION = YES;
				GCC_WARN_UNUSED_VARIABLE = YES;
				IPHONEOS_DEPLOYMENT_TARGET = 14.4;
				MTL_ENABLE_DEBUG_INFO = INCLUDE_SOURCE;
				MTL_FAST_MATH = YES;
				ONLY_ACTIVE_ARCH = YES;
				SDKROOT = iphoneos;
				SWIFT_ACTIVE_COMPILATION_CONDITIONS = DEBUG;
				SWIFT_OPTIMIZATION_LEVEL = "-Onone";
			};
			name = Debug;
		};
		37E2CC0725E4AC5200A5F446 /* Release */ = {
			isa = XCBuildConfiguration;
			buildSettings = {
				ALWAYS_SEARCH_USER_PATHS = NO;
				CLANG_ANALYZER_NONNULL = YES;
				CLANG_ANALYZER_NUMBER_OBJECT_CONVERSION = YES_AGGRESSIVE;
				CLANG_CXX_LANGUAGE_STANDARD = "gnu++14";
				CLANG_CXX_LIBRARY = "libc++";
				CLANG_ENABLE_MODULES = YES;
				CLANG_ENABLE_OBJC_ARC = YES;
				CLANG_ENABLE_OBJC_WEAK = YES;
				CLANG_WARN_BLOCK_CAPTURE_AUTORELEASING = YES;
				CLANG_WARN_BOOL_CONVERSION = YES;
				CLANG_WARN_COMMA = YES;
				CLANG_WARN_CONSTANT_CONVERSION = YES;
				CLANG_WARN_DEPRECATED_OBJC_IMPLEMENTATIONS = YES;
				CLANG_WARN_DIRECT_OBJC_ISA_USAGE = YES_ERROR;
				CLANG_WARN_DOCUMENTATION_COMMENTS = YES;
				CLANG_WARN_EMPTY_BODY = YES;
				CLANG_WARN_ENUM_CONVERSION = YES;
				CLANG_WARN_INFINITE_RECURSION = YES;
				CLANG_WARN_INT_CONVERSION = YES;
				CLANG_WARN_NON_LITERAL_NULL_CONVERSION = YES;
				CLANG_WARN_OBJC_IMPLICIT_RETAIN_SELF = YES;
				CLANG_WARN_OBJC_LITERAL_CONVERSION = YES;
				CLANG_WARN_OBJC_ROOT_CLASS = YES_ERROR;
				CLANG_WARN_QUOTED_INCLUDE_IN_FRAMEWORK_HEADER = YES;
				CLANG_WARN_RANGE_LOOP_ANALYSIS = YES;
				CLANG_WARN_STRICT_PROTOTYPES = YES;
				CLANG_WARN_SUSPICIOUS_MOVE = YES;
				CLANG_WARN_UNGUARDED_AVAILABILITY = YES_AGGRESSIVE;
				CLANG_WARN_UNREACHABLE_CODE = YES;
				CLANG_WARN__DUPLICATE_METHOD_MATCH = YES;
				COPY_PHASE_STRIP = NO;
				DEBUG_INFORMATION_FORMAT = "dwarf-with-dsym";
				ENABLE_NS_ASSERTIONS = NO;
				ENABLE_STRICT_OBJC_MSGSEND = YES;
				GCC_C_LANGUAGE_STANDARD = gnu11;
				GCC_NO_COMMON_BLOCKS = YES;
				GCC_WARN_64_TO_32_BIT_CONVERSION = YES;
				GCC_WARN_ABOUT_RETURN_TYPE = YES_ERROR;
				GCC_WARN_UNDECLARED_SELECTOR = YES;
				GCC_WARN_UNINITIALIZED_AUTOS = YES_AGGRESSIVE;
				GCC_WARN_UNUSED_FUNCTION = YES;
				GCC_WARN_UNUSED_VARIABLE = YES;
				IPHONEOS_DEPLOYMENT_TARGET = 14.4;
				MTL_ENABLE_DEBUG_INFO = NO;
				MTL_FAST_MATH = YES;
				SDKROOT = iphoneos;
				SWIFT_COMPILATION_MODE = wholemodule;
				SWIFT_OPTIMIZATION_LEVEL = "-O";
				VALIDATE_PRODUCT = YES;
			};
			name = Release;
		};
		37E2CC0925E4AC5200A5F446 /* Debug */ = {
			isa = XCBuildConfiguration;
			buildSettings = {
				ASSETCATALOG_COMPILER_APPICON_NAME = AppIcon;
				ASSETCATALOG_COMPILER_GLOBAL_ACCENT_COLOR_NAME = AccentColor;
				CODE_SIGN_STYLE = Automatic;
				DEVELOPMENT_ASSET_PATHS = "\"Pokedex/Preview Content\"";
				DEVELOPMENT_TEAM = 2BH3LP2GE7;
				ENABLE_PREVIEWS = YES;
				INFOPLIST_FILE = Pokedex/Info.plist;
				IPHONEOS_DEPLOYMENT_TARGET = 14.0;
				LD_RUNPATH_SEARCH_PATHS = (
					"$(inherited)",
					"@executable_path/Frameworks",
				);
				PRODUCT_BUNDLE_IDENTIFIER = br.com.morikawa77.Pokedex;
				PRODUCT_NAME = "$(TARGET_NAME)";
				SWIFT_VERSION = 5.0;
				TARGETED_DEVICE_FAMILY = "1,2";
			};
			name = Debug;
		};
		37E2CC0A25E4AC5200A5F446 /* Release */ = {
			isa = XCBuildConfiguration;
			buildSettings = {
				ASSETCATALOG_COMPILER_APPICON_NAME = AppIcon;
				ASSETCATALOG_COMPILER_GLOBAL_ACCENT_COLOR_NAME = AccentColor;
				CODE_SIGN_STYLE = Automatic;
				DEVELOPMENT_ASSET_PATHS = "\"Pokedex/Preview Content\"";
				DEVELOPMENT_TEAM = 2BH3LP2GE7;
				ENABLE_PREVIEWS = YES;
				INFOPLIST_FILE = Pokedex/Info.plist;
				IPHONEOS_DEPLOYMENT_TARGET = 14.0;
				LD_RUNPATH_SEARCH_PATHS = (
					"$(inherited)",
					"@executable_path/Frameworks",
				);
				PRODUCT_BUNDLE_IDENTIFIER = br.com.morikawa77.Pokedex;
				PRODUCT_NAME = "$(TARGET_NAME)";
				SWIFT_VERSION = 5.0;
				TARGETED_DEVICE_FAMILY = "1,2";
			};
			name = Release;
		};
/* End XCBuildConfiguration section */

/* Begin XCConfigurationList section */
		37E2CBF425E4AC5100A5F446 /* Build configuration list for PBXProject "Pokedex" */ = {
			isa = XCConfigurationList;
			buildConfigurations = (
				37E2CC0625E4AC5200A5F446 /* Debug */,
				37E2CC0725E4AC5200A5F446 /* Release */,
			);
			defaultConfigurationIsVisible = 0;
			defaultConfigurationName = Release;
		};
		37E2CC0825E4AC5200A5F446 /* Build configuration list for PBXNativeTarget "Pokedex" */ = {
			isa = XCConfigurationList;
			buildConfigurations = (
				37E2CC0925E4AC5200A5F446 /* Debug */,
				37E2CC0A25E4AC5200A5F446 /* Release */,
			);
			defaultConfigurationIsVisible = 0;
			defaultConfigurationName = Release;
		};
/* End XCConfigurationList section */

/* Begin XCRemoteSwiftPackageReference section */
		37E2CC1B25E4BD3500A5F446 /* XCRemoteSwiftPackageReference "Kingfisher" */ = {
			isa = XCRemoteSwiftPackageReference;
			repositoryURL = "https://github.com/onevcat/Kingfisher.git";
			requirement = {
				kind = upToNextMajorVersion;
				minimumVersion = 6.1.1;
			};
		};
/* End XCRemoteSwiftPackageReference section */

/* Begin XCSwiftPackageProductDependency section */
		37E2CC1C25E4BD3500A5F446 /* Kingfisher */ = {
			isa = XCSwiftPackageProductDependency;
			package = 37E2CC1B25E4BD3500A5F446 /* XCRemoteSwiftPackageReference "Kingfisher" */;
			productName = Kingfisher;
		};
/* End XCSwiftPackageProductDependency section */
	};
	rootObject = 37E2CBF125E4AC5100A5F446 /* Project object */;
}
